<?xml version="1.0" encoding="utf-8"?>
<Project xmlns="http://schemas.microsoft.com/developer/msbuild/2003">
  <ItemGroup>
    <Filter Include="Form Files">
      <UniqueIdentifier>{99349809-55BA-4b9d-BF79-8FDBB0286EB3}</UniqueIdentifier>
      <Extensions>ui</Extensions>
      <ParseFiles>false</ParseFiles>
    </Filter>
    <Filter Include="Form Files">
      <UniqueIdentifier>{99349809-55BA-4b9d-BF79-8FDBB0286EB3}</UniqueIdentifier>
      <Extensions>ui</Extensions>
      <ParseFiles>false</ParseFiles>
    </Filter>
    <Filter Include="Generated Files">
      <UniqueIdentifier>{71ED8ED8-ACB9-4CE9-BBE1-E00B30144E11}</UniqueIdentifier>
      <Extensions>cpp;c;cxx;moc;h;def;odl;idl;res;</Extensions>
    </Filter>
    <Filter Include="Generated Files">
      <UniqueIdentifier>{71ED8ED8-ACB9-4CE9-BBE1-E00B30144E11}</UniqueIdentifier>
      <Extensions>cpp;c;cxx;moc;h;def;odl;idl;res;</Extensions>
    </Filter>
    <Filter Include="Header Files">
      <UniqueIdentifier>{93995380-89BD-4b04-88EB-625FBE52EBFB}</UniqueIdentifier>
      <Extensions>h;hpp;hxx;hm;inl;inc;xsd</Extensions>
    </Filter>
    <Filter Include="Header Files">
      <UniqueIdentifier>{93995380-89BD-4b04-88EB-625FBE52EBFB}</UniqueIdentifier>
      <Extensions>h;hpp;hxx;hm;inl;inc;xsd</Extensions>
    </Filter>
    <Filter Include="Resource Files">
      <UniqueIdentifier>{D9D6E242-F8AF-46E4-B9FD-80ECBC20BA3E}</UniqueIdentifier>
      <Extensions>qrc;*</Extensions>
      <ParseFiles>false</ParseFiles>
    </Filter>
    <Filter Include="Resource Files">
      <UniqueIdentifier>{D9D6E242-F8AF-46E4-B9FD-80ECBC20BA3E}</UniqueIdentifier>
      <Extensions>qrc;*</Extensions>
      <ParseFiles>false</ParseFiles>
    </Filter>
    <Filter Include="Source Files">
      <UniqueIdentifier>{4FC737F1-C7A5-4376-A066-2A32D752A2FF}</UniqueIdentifier>
      <Extensions>cpp;c;cxx;def;odl;idl;hpj;bat;asm;asmx</Extensions>
    </Filter>
    <Filter Include="Source Files">
      <UniqueIdentifier>{4FC737F1-C7A5-4376-A066-2A32D752A2FF}</UniqueIdentifier>
      <Extensions>cpp;c;cxx;def;odl;idl;hpj;bat;asm;asmx</Extensions>
    </Filter>
  </ItemGroup>
  <ItemGroup>
    <ClCompile Include="src\engine\Animator.cpp">
      <Filter>Source Files</Filter>
    </ClCompile>
    <ClCompile Include="src\engine\Camera.cpp">
      <Filter>Source Files</Filter>
    </ClCompile>
    <ClCompile Include="src\exporters\ExporterFBX.cpp">
      <Filter>Source Files</Filter>
    </ClCompile>
    <ClCompile Include="src\exporters\ExporterOBJ.cpp">
      <Filter>Source Files</Filter>
    </ClCompile>
    <ClCompile Include="src\engine\LevelGeo.cpp">
      <Filter>Source Files</Filter>
    </ClCompile>
    <ClCompile Include="src\engine\scenenodes\LevelGeoNode.cpp">
      <Filter>Source Files</Filter>
    </ClCompile>
    <ClCompile Include="src\metro\MetroBinArchive.cpp">
      <Filter>Source Files</Filter>
    </ClCompile>
    <ClCompile Include="src\metro\MetroBinArrayArchive.cpp">
      <Filter>Source Files</Filter>
    </ClCompile>
    <ClCompile Include="src\metro\MetroCompression.cpp">
      <Filter>Source Files</Filter>
    </ClCompile>
    <ClCompile Include="src\metro\MetroConfigDatabase.cpp">
      <Filter>Source Files</Filter>
    </ClCompile>
    <ClCompile Include="src\metro\MetroContext.cpp">
      <Filter>Source Files</Filter>
    </ClCompile>
    <ClCompile Include="src\metro\entities\MetroEntity.cpp">
      <Filter>Source Files</Filter>
    </ClCompile>
    <ClCompile Include="src\metro\entities\MetroEntityFactory.cpp">
      <Filter>Source Files</Filter>
    </ClCompile>
    <ClCompile Include="src\metro\MetroFileSystem.cpp">
      <Filter>Source Files</Filter>
    </ClCompile>
    <ClCompile Include="src\metro\MetroFonts.cpp">
      <Filter>Source Files</Filter>
    </ClCompile>
    <ClCompile Include="src\metro\MetroLevel.cpp">
      <Filter>Source Files</Filter>
    </ClCompile>
    <ClCompile Include="src\metro\MetroLightProbe.cpp">
      <Filter>Source Files</Filter>
    </ClCompile>
    <ClCompile Include="src\metro\MetroLocalization.cpp">
      <Filter>Source Files</Filter>
    </ClCompile>
    <ClCompile Include="src\metro\MetroMaterialsDatabase.cpp">
      <Filter>Source Files</Filter>
    </ClCompile>
    <ClCompile Include="src\metro\MetroModel.cpp">
      <Filter>Source Files</Filter>
    </ClCompile>
    <ClCompile Include="src\metro\MetroMotion.cpp">
      <Filter>Source Files</Filter>
    </ClCompile>
    <ClCompile Include="src\metro\reflection\MetroReflection.cpp">
      <Filter>Source Files</Filter>
    </ClCompile>
    <ClCompile Include="src\metro\reflection\MetroReflectionJson.cpp">
      <Filter>Source Files</Filter>
    </ClCompile>
    <ClCompile Include="src\metro\MetroSkeleton.cpp">
      <Filter>Source Files</Filter>
    </ClCompile>
    <ClCompile Include="src\metro\MetroSound.cpp">
      <Filter>Source Files</Filter>
    </ClCompile>
    <ClCompile Include="src\metro\MetroTexture.cpp">
      <Filter>Source Files</Filter>
    </ClCompile>
    <ClCompile Include="src\metro\MetroTexturesDatabase.cpp">
      <Filter>Source Files</Filter>
    </ClCompile>
    <ClCompile Include="src\metro\MetroTypedStrings.cpp">
      <Filter>Source Files</Filter>
    </ClCompile>
    <ClCompile Include="src\metro\entities\MetroUObject.cpp">
      <Filter>Source Files</Filter>
    </ClCompile>
    <ClCompile Include="src\metro\vfs\MetroVFS.cpp">
      <Filter>Source Files</Filter>
    </ClCompile>
    <ClCompile Include="src\metro\MetroWeaponry.cpp">
      <Filter>Source Files</Filter>
    </ClCompile>
    <ClCompile Include="src\engine\Model.cpp">
      <Filter>Source Files</Filter>
    </ClCompile>
    <ClCompile Include="src\engine\scenenodes\ModelNode.cpp">
      <Filter>Source Files</Filter>
    </ClCompile>
    <ClCompile Include="src\engine\Renderer.cpp">
      <Filter>Source Files</Filter>
    </ClCompile>
    <ClCompile Include="src\engine\ResourcesManager.cpp">
      <Filter>Source Files</Filter>
    </ClCompile>
    <ClCompile Include="src\engine\Scene.cpp">
      <Filter>Source Files</Filter>
    </ClCompile>
    <ClCompile Include="src\engine\scenenodes\SceneNode.cpp">
      <Filter>Source Files</Filter>
    </ClCompile>
    <ClCompile Include="src\engine\Spawner.cpp">
      <Filter>Source Files</Filter>
    </ClCompile>
    <ClCompile Include="src\engine\Swapchain.cpp">
      <Filter>Source Files</Filter>
    </ClCompile>
    <ClCompile Include="src\engine\Texture.cpp">
      <Filter>Source Files</Filter>
    </ClCompile>
    <ClCompile Include="src\metro\VFIReader.cpp">
      <Filter>Source Files</Filter>
    </ClCompile>
    <ClCompile Include="src\metro\VFXReader.cpp">
      <Filter>Source Files</Filter>
    </ClCompile>
    <ClCompile Include="libs\bc7enc16\bc7decomp.c">
      <Filter>Source Files</Filter>
    </ClCompile>
    <ClCompile Include="libs\bc7enc16\bc7enc16.c">
      <Filter>Source Files</Filter>
    </ClCompile>
    <ClCompile Include="src\dds_utils.cpp">
      <Filter>Source Files</Filter>
    </ClCompile>
    <ClCompile Include="libs\jansson\src\dump.c">
      <Filter>Source Files</Filter>
    </ClCompile>
    <ClCompile Include="src\encoding.cpp">
      <Filter>Source Files</Filter>
    </ClCompile>
    <ClCompile Include="libs\jansson\src\error.c">
      <Filter>Source Files</Filter>
    </ClCompile>
    <ClCompile Include="src\fileio.cpp">
      <Filter>Source Files</Filter>
    </ClCompile>
    <ClCompile Include="src\hashing.cpp">
      <Filter>Source Files</Filter>
    </ClCompile>
    <ClCompile Include="libs\jansson\src\hashtable.c">
      <Filter>Source Files</Filter>
    </ClCompile>
    <ClCompile Include="libs\jansson\src\hashtable_seed.c">
      <Filter>Source Files</Filter>
    </ClCompile>
    <ClCompile Include="src\ui\imageinfopanel.cpp">
      <Filter>Source Files</Filter>
    </ClCompile>
    <ClCompile Include="src\ui\imagepanel.cpp">
      <Filter>Source Files</Filter>
    </ClCompile>
    <ClCompile Include="libs\jansson\src\load.c">
      <Filter>Source Files</Filter>
    </ClCompile>
    <ClCompile Include="src\log.cpp">
      <Filter>Source Files</Filter>
    </ClCompile>
    <ClCompile Include="libs\lz4\lz4hc.c">
      <Filter>Source Files</Filter>
    </ClCompile>
    <ClCompile Include="libs\lz4\lz4qt.c">
      <Filter>Source Files</Filter>
    </ClCompile>
    <ClCompile Include="src\main.cpp">
      <Filter>Source Files</Filter>
    </ClCompile>
    <ClCompile Include="src\ui\mainwindow.cpp">
      <Filter>Source Files</Filter>
    </ClCompile>
    <ClCompile Include="libs\jansson\src\memory.c">
      <Filter>Source Files</Filter>
    </ClCompile>
    <ClCompile Include="src\mex_settings.cpp">
      <Filter>Source Files</Filter>
    </ClCompile>
    <ClCompile Include="src\ui\modelinfopanel.cpp">
      <Filter>Source Files</Filter>
    </ClCompile>
    <ClCompile Include="libs\pugixml\src\pugixml.cpp">
      <Filter>Source Files</Filter>
    </ClCompile>
    <ClCompile Include="libs\quicklz\quicklz.c">
      <Filter>Source Files</Filter>
    </ClCompile>
    <ClCompile Include="src\ui\renderpanel.cpp">
      <Filter>Source Files</Filter>
    </ClCompile>
    <ClCompile Include="libs\jansson\src\strbuffer.c">
      <Filter>Source Files</Filter>
    </ClCompile>
    <ClCompile Include="libs\jansson\src\strconv.c">
      <Filter>Source Files</Filter>
    </ClCompile>
    <ClCompile Include="libs\jansson\src\utf.c">
      <Filter>Source Files</Filter>
    </ClCompile>
    <ClCompile Include="libs\jansson\src\value.c">
      <Filter>Source Files</Filter>
    </ClCompile>
    <ClCompile Include="libs\xxhash\xxhashqt.c">
      <Filter>Source Files</Filter>
    </ClCompile>
  </ItemGroup>
  <ItemGroup>
    <ClInclude Include="src\engine\Animator.h">
      <Filter>Header Files</Filter>
    </ClInclude>
    <ClInclude Include="src\engine\Camera.h">
      <Filter>Header Files</Filter>
    </ClInclude>
    <ClInclude Include="src\exporters\ExporterFBX.h">
      <Filter>Header Files</Filter>
    </ClInclude>
    <ClInclude Include="src\exporters\ExporterOBJ.h">
      <Filter>Header Files</Filter>
    </ClInclude>
    <ClInclude Include="src\engine\LevelGeo.h">
      <Filter>Header Files</Filter>
    </ClInclude>
    <ClInclude Include="src\engine\scenenodes\LevelGeoNode.h">
      <Filter>Header Files</Filter>
    </ClInclude>
    <ClInclude Include="src\metro\MetroBinArchive.h">
      <Filter>Header Files</Filter>
    </ClInclude>
    <ClInclude Include="src\metro\MetroBinArrayArchive.h">
      <Filter>Header Files</Filter>
    </ClInclude>
    <ClInclude Include="src\metro\classes\MetroClasses.h">
      <Filter>Header Files</Filter>
    </ClInclude>
    <ClInclude Include="src\metro\MetroCompression.h">
      <Filter>Header Files</Filter>
    </ClInclude>
    <ClInclude Include="src\metro\MetroConfigDatabase.h">
      <Filter>Header Files</Filter>
    </ClInclude>
    <ClInclude Include="src\metro\MetroConfigNames.h">
      <Filter>Header Files</Filter>
    </ClInclude>
    <ClInclude Include="src\metro\MetroContext.h">
      <Filter>Header Files</Filter>
    </ClInclude>
    <ClInclude Include="src\metro\entities\MetroEntity.h">
      <Filter>Header Files</Filter>
    </ClInclude>
    <ClInclude Include="src\metro\entities\MetroEntityFactory.h">
      <Filter>Header Files</Filter>
    </ClInclude>
    <ClInclude Include="src\metro\MetroFileSystem.h">
      <Filter>Header Files</Filter>
    </ClInclude>
    <ClInclude Include="src\metro\MetroFonts.h">
      <Filter>Header Files</Filter>
    </ClInclude>
    <ClInclude Include="src\metro\MetroLevel.h">
      <Filter>Header Files</Filter>
    </ClInclude>
    <ClInclude Include="src\metro\MetroLightProbe.h">
      <Filter>Header Files</Filter>
    </ClInclude>
    <ClInclude Include="src\metro\MetroLocalization.h">
      <Filter>Header Files</Filter>
    </ClInclude>
    <ClInclude Include="src\metro\MetroMaterialsDatabase.h">
      <Filter>Header Files</Filter>
    </ClInclude>
    <ClInclude Include="src\metro\MetroModel.h">
      <Filter>Header Files</Filter>
    </ClInclude>
    <ClInclude Include="src\metro\MetroMotion.h">
      <Filter>Header Files</Filter>
    </ClInclude>
    <ClInclude Include="src\metro\reflection\MetroReflection.h">
      <Filter>Header Files</Filter>
    </ClInclude>
    <ClInclude Include="src\metro\reflection\MetroReflectionBinary.inl">
      <Filter>Header Files</Filter>
    </ClInclude>
    <ClInclude Include="src\metro\reflection\MetroReflectionJson.inl">
      <Filter>Header Files</Filter>
    </ClInclude>
    <ClInclude Include="src\metro\MetroSkeleton.h">
      <Filter>Header Files</Filter>
    </ClInclude>
    <ClInclude Include="src\metro\MetroSound.h">
      <Filter>Header Files</Filter>
    </ClInclude>
    <ClInclude Include="src\metro\MetroTexture.h">
      <Filter>Header Files</Filter>
    </ClInclude>
    <ClInclude Include="src\metro\textures\MetroTexturesDBImpl2033.inl">
      <Filter>Header Files</Filter>
    </ClInclude>
    <ClInclude Include="src\metro\textures\MetroTexturesDBImplArktika1.inl">
      <Filter>Header Files</Filter>
    </ClInclude>
    <ClInclude Include="src\metro\textures\MetroTexturesDBImplExodus.inl">
      <Filter>Header Files</Filter>
    </ClInclude>
    <ClInclude Include="src\metro\textures\MetroTexturesDBImplLastLight.inl">
      <Filter>Header Files</Filter>
    </ClInclude>
    <ClInclude Include="src\metro\textures\MetroTexturesDBImplRedux.inl">
      <Filter>Header Files</Filter>
    </ClInclude>
    <ClInclude Include="src\metro\MetroTexturesDatabase.h">
      <Filter>Header Files</Filter>
    </ClInclude>
    <ClInclude Include="src\metro\MetroTypedStrings.h">
      <Filter>Header Files</Filter>
    </ClInclude>
    <ClInclude Include="src\metro\MetroTypes.h">
      <Filter>Header Files</Filter>
    </ClInclude>
    <ClInclude Include="src\metro\entities\MetroUObject.h">
      <Filter>Header Files</Filter>
    </ClInclude>
    <ClInclude Include="src\metro\vfs\MetroVFS.h">
      <Filter>Header Files</Filter>
    </ClInclude>
    <ClInclude Include="src\metro\MetroWeaponry.h">
      <Filter>Header Files</Filter>
    </ClInclude>
    <ClInclude Include="src\engine\Model.h">
      <Filter>Header Files</Filter>
    </ClInclude>
    <ClInclude Include="src\engine\scenenodes\ModelNode.h">
      <Filter>Header Files</Filter>
    </ClInclude>
    <ClInclude Include="src\engine\Renderer.h">
      <Filter>Header Files</Filter>
    </ClInclude>
    <ClInclude Include="src\engine\RendererTypes.inl">
      <Filter>Header Files</Filter>
    </ClInclude>
    <ClInclude Include="src\engine\ResourcesManager.h">
      <Filter>Header Files</Filter>
    </ClInclude>
    <ClInclude Include="src\engine\Scene.h">
      <Filter>Header Files</Filter>
    </ClInclude>
    <ClInclude Include="src\engine\scenenodes\SceneNode.h">
      <Filter>Header Files</Filter>
    </ClInclude>
    <ClInclude Include="src\engine\Spawner.h">
      <Filter>Header Files</Filter>
    </ClInclude>
    <ClInclude Include="src\engine\Surface.h">
      <Filter>Header Files</Filter>
    </ClInclude>
    <ClInclude Include="src\engine\Swapchain.h">
      <Filter>Header Files</Filter>
    </ClInclude>
    <ClInclude Include="src\engine\Texture.h">
      <Filter>Header Files</Filter>
    </ClInclude>
    <ClInclude Include="src\metro\VFIReader.h">
      <Filter>Header Files</Filter>
    </ClInclude>
    <ClInclude Include="src\metro\VFXReader.h">
      <Filter>Header Files</Filter>
    </ClInclude>
    <ClInclude Include="src\engine\shaders\all_shaders.h">
      <Filter>Header Files</Filter>
    </ClInclude>
    <ClInclude Include="libs\bc7enc16\bc7decomp.h">
      <Filter>Header Files</Filter>
    </ClInclude>
    <ClInclude Include="libs\bc7enc16\bc7enc16.h">
      <Filter>Header Files</Filter>
    </ClInclude>
    <ClInclude Include="libs\bc7enc16\dds_defs.h">
      <Filter>Header Files</Filter>
    </ClInclude>
    <ClInclude Include="src\dds_utils.h">
      <Filter>Header Files</Filter>
    </ClInclude>
    <CustomBuild Include="src\ui\imageinfopanel.h">
      <Filter>Header Files</Filter>
    </CustomBuild>
    <CustomBuild Include="src\ui\imagepanel.h">
      <Filter>Header Files</Filter>
    </CustomBuild>
    <ClInclude Include="libs\jansson\src\jansson.h">
      <Filter>Header Files</Filter>
    </ClInclude>
    <ClInclude Include="src\log.h">
      <Filter>Header Files</Filter>
    </ClInclude>
    <ClInclude Include="libs\lz4\lz4.h">
      <Filter>Header Files</Filter>
    </ClInclude>
    <ClInclude Include="libs\lz4\lz4hc.h">
      <Filter>Header Files</Filter>
    </ClInclude>
    <CustomBuild Include="src\ui\mainwindow.h">
      <Filter>Header Files</Filter>
    </CustomBuild>
    <ClInclude Include="src\mex_settings.h">
      <Filter>Header Files</Filter>
    </ClInclude>
    <CustomBuild Include="src\ui\modelinfopanel.h">
      <Filter>Header Files</Filter>
    </CustomBuild>
    <ClInclude Include="src\mycommon.h">
      <Filter>Header Files</Filter>
    </ClInclude>
    <ClInclude Include="src\mymath.h">
      <Filter>Header Files</Filter>
    </ClInclude>
    <ClInclude Include="libs\pugixml\src\pugixml.hpp">
      <Filter>Header Files</Filter>
    </ClInclude>
    <ClInclude Include="libs\quicklz\quicklz.h">
      <Filter>Header Files</Filter>
    </ClInclude>
    <CustomBuild Include="src\ui\renderpanel.h">
      <Filter>Header Files</Filter>
    </CustomBuild>
    <ClInclude Include="libs\xxhash\xxhash.h">
      <Filter>Header Files</Filter>
    </ClInclude>
  </ItemGroup>
  <ItemGroup>
    <ClCompile Include="debug\moc_imageinfopanel.cpp">
      <Filter>Generated Files</Filter>
    </ClCompile>
    <ClCompile Include="release\moc_imageinfopanel.cpp">
      <Filter>Generated Files</Filter>
    </ClCompile>
    <ClCompile Include="debug\moc_imagepanel.cpp">
      <Filter>Generated Files</Filter>
    </ClCompile>
    <ClCompile Include="release\moc_imagepanel.cpp">
      <Filter>Generated Files</Filter>
    </ClCompile>
    <ClCompile Include="debug\moc_mainwindow.cpp">
      <Filter>Generated Files</Filter>
    </ClCompile>
    <ClCompile Include="release\moc_mainwindow.cpp">
      <Filter>Generated Files</Filter>
    </ClCompile>
    <ClCompile Include="debug\moc_modelinfopanel.cpp">
      <Filter>Generated Files</Filter>
    </ClCompile>
    <ClCompile Include="release\moc_modelinfopanel.cpp">
      <Filter>Generated Files</Filter>
    </ClCompile>
    <CustomBuild Include="debug\moc_predefs.h.cbt">
      <Filter>Generated Files</Filter>
    </CustomBuild>
    <CustomBuild Include="release\moc_predefs.h.cbt">
      <Filter>Generated Files</Filter>
    </CustomBuild>
    <ClCompile Include="debug\moc_renderpanel.cpp">
      <Filter>Generated Files</Filter>
    </ClCompile>
    <ClCompile Include="release\moc_renderpanel.cpp">
      <Filter>Generated Files</Filter>
    </ClCompile>
    <ClCompile Include="debug\qrc_resources.cpp">
      <Filter>Generated Files</Filter>
    </ClCompile>
    <ClCompile Include="release\qrc_resources.cpp">
      <Filter>Generated Files</Filter>
    </ClCompile>
    <ClInclude Include="ui_imageinfopanel.h">
      <Filter>Generated Files</Filter>
    </ClInclude>
    <ClInclude Include="ui_mainwindow.h">
      <Filter>Generated Files</Filter>
    </ClInclude>
    <ClInclude Include="ui_modelinfopanel.h">
      <Filter>Generated Files</Filter>
    </ClInclude>
  </ItemGroup>
  <ItemGroup>
    <CustomBuild Include="src\ui\imageinfopanel.ui">
      <Filter>Form Files</Filter>
    </CustomBuild>
    <CustomBuild Include="src\ui\mainwindow.ui">
      <Filter>Form Files</Filter>
    </CustomBuild>
    <CustomBuild Include="src\ui\modelinfopanel.ui">
      <Filter>Form Files</Filter>
    </CustomBuild>
  </ItemGroup>
  <ItemGroup>
    <None Include="res\imgs\Document_32x.png">
      <Filter>Resource Files</Filter>
    </None>
    <None Include="res\imgs\FolderClosed_32x.png">
      <Filter>Resource Files</Filter>
    </None>
    <None Include="res\imgs\FolderOpened_32x.png">
      <Filter>Resource Files</Filter>
    </None>
    <None Include="res\imgs\Image_32x.png">
      <Filter>Resource Files</Filter>
    </None>
    <None Include="res\imgs\Level_32x.png">
      <Filter>Resource Files</Filter>
    </None>
    <None Include="res\imgs\LibrarySettings_32x.png">
      <Filter>Resource Files</Filter>
    </None>
    <None Include="res\imgs\Localization_32x.png">
      <Filter>Resource Files</Filter>
    </None>
    <None Include="res\imgs\Model_32x.png">
      <Filter>Resource Files</Filter>
    </None>
    <None Include="res\imgs\OpenFile_32x.png">
      <Filter>Resource Files</Filter>
    </None>
    <None Include="res\imgs\SettingsFile_32x.png">
      <Filter>Resource Files</Filter>
    </None>
    <None Include="res\imgs\Sound_32x.png">
      <Filter>Resource Files</Filter>
    </None>
    <None Include="res\imgs\Transparency_32x.png">
      <Filter>Resource Files</Filter>
    </None>
    <CustomBuild Include="res\resources.qrc">
      <Filter>Resource Files</Filter>
    </CustomBuild>
  </ItemGroup>
</Project>